
Microsoft Visual Studio Solution File, Format Version 12.00
# Visual Studio 15
VisualStudioVersion = 15.0.28307.106
MinimumVisualStudioVersion = 10.0.40219.1
Project("{FAE04EC0-301F-11D3-BF4B-00C04F79EFBC}") = "MazeMigraine", "MazeMigraine.csproj", "{4740AB92-ACEB-4C33-8546-287578CE1C77}"
EndProject
Global
	GlobalSection(SolutionConfigurationPlatforms) = preSolution
		Debug|Any CPU = Debug|Any CPU
		Release|Any CPU = Release|Any CPU
	EndGlobalSection
	GlobalSection(ProjectConfigurationPlatforms) = postSolution
		{4740AB92-ACEB-4C33-8546-287578CE1C77}.Debug|Any CPU.ActiveCfg = Debug|Any CPU
		{4740AB92-ACEB-4C33-8546-287578CE1C77}.Debug|Any CPU.Build.0 = Debug|Any CPU
		{4740AB92-ACEB-4C33-8546-287578CE1C77}.Release|Any CPU.ActiveCfg = Release|Any CPU
		{4740AB92-ACEB-4C33-8546-287578CE1C77}.Release|Any CPU.Build.0 = Release|Any CPU
	EndGlobalSection
	GlobalSection(SolutionProperties) = preSolution
		HideSolutionNode = FALSE
	EndGlobalSection
	GlobalSection(ExtensibilityGlobals) = postSolution
		SolutionGuid = {A8D78E38-BE01-4759-B2BF-4DA41098C56B}
	EndGlobalSection
EndGlobal
